# This file is autogenerated, do not edit; changes may be undone by the next 'dep ensure'.


[[projects]]
  name = "github.com/BurntSushi/toml"
  packages = ["."]
  revision = "056c9bc7be7190eaa7715723883caffa5f8fa3e4"

[[projects]]
  branch = "master"
  name = "github.com/codegangsta/inject"
  packages = ["."]
  revision = "33e0aa1cb7c019ccc3fbe049a8262a6403d30504"

[[projects]]
  name = "github.com/go-martini/martini"
  packages = ["."]
  revision = "1766d4b551f29d93db1e721e19b15580699e26cc"

[[projects]]
  branch = "master"
  name = "github.com/juztin/numeronym"
  packages = ["."]
  revision = "859fcc2918e23016b11f56b3dcecbd27b6a055aa"

[[projects]]
  name = "github.com/lucasb-eyer/go-colorful"
  packages = ["."]
  revision = "9c2852a141bf4711e4276f8f119c90d0f20a556c"

[[projects]]
  name = "github.com/martini-contrib/gzip"
  packages = ["."]
  revision = "01cd70f560c841c6e52b9ba8f09748e18e35e2c4"

[[projects]]
  branch = "master"
  name = "github.com/martini-contrib/staticbin"
  packages = ["."]
  revision = "b9631fb8c188bec7aefed202f05fb3b76abadced"

[solve-meta]
  analyzer-name = "dep"
  analyzer-version = 1
  inputs-digest = "c33af06dffcd372949486c3948095e472d56062cb1412a97e74f83f0c3d0cccc"
  solver-name = "gps-cdcl"
  solver-version = 1
