github.com/BurntSushi/toml v0.3.0 h1:e1/Ivsx3Z0FVTV0NSOv/aVgbUWyQuzj7DDnFblkRvsY=
github.com/BurntSushi/toml v0.3.0/go.mod h1:xHWCNGjB5oqiDr8zfno3MHue2Ht5sIBksp03qcyfWMU=
github.com/codegangsta/inject v0.0.0-20140425184007-37d7f8432a3e h1:ASNbuqbRsgQCvemp0S2XxhASDu/4mlOH4z3XOi0Iisk=
github.com/codegangsta/inject v0.0.0-20140425184007-37d7f8432a3e/go.mod h1:4Zcjuz89kmFXt9morQgcfYZAYZ5n8WHjt81YYWIwtTM=
github.com/go-martini/martini v0.0.0-20140519164645-49411a5b6468 h1:Se/FfS0xjB5rsDhsKfZf0R75vf7hRUHlJwAh0h63Kvw=
github.com/go-martini/martini v0.0.0-20140519164645-49411a5b6468/go.mod h1:/P9AEU963A2AYjv4d1V5eVL1CQbEJq6aCNHDDjibzu8=
github.com/jbrukh/bayesian v0.0.0-20200318221351-d726b684ca4a h1:gbdjhSslIoRRiSSLCP3kKuLmqAJGmhnPVhIyf6Dbw34=
github.com/jbrukh/bayesian v0.0.0-20200318221351-d726b684ca4a/go.mod h1:SELxwZQq/mPnfPCR2mchLmT4TQaPJvYtLcCtDWSM7vM=
github.com/juztin/numeronym v0.0.0-20160223091026-859fcc2918e2 h1:jrs0oyU9XY7MlTHbNxecqFgY+fgEENZdP4Z8FZln/pw=
github.com/juztin/numeronym v0.0.0-20160223091026-859fcc2918e2/go.mod h1:uVDl4OnjvPk07IzoXF/dFM7nBYqAKdJsz4e9xjjWo7Q=
github.com/lucasb-eyer/go-colorful v0.0.0-20170903184257-231272389856 h1:r+WvXmgROttp7pckv7TPN7OCUEPXmvhRklOOsL2iPPc=
github.com/lucasb-eyer/go-colorful v0.0.0-20170903184257-231272389856/go.mod h1:NXg0ArsFk0Y01623LgUqoqcouGDB+PwCCQlrwrG6xJ4=
github.com/marcmak/calc v0.0.0-20150509200512-5bbbfc3b3149 h1:QaKQMdY9TmwTq+UPXBo1hGi95iguDE7q7sPvt6RqLiA=
github.com/marcmak/calc v0.0.0-20150509200512-5bbbfc3b3149/go.mod h1:op87dInbDFPr69TsmmZoW0q4hj8LV8VZYaG4p1rDzLY=
github.com/martini-contrib/gzip v0.0.0-20151124214156-6c035326b43f h1:wVDxEVZP1eiPIlHVaafUAEUDtyl6ytjHv3egJVbyfOk=
github.com/martini-contrib/gzip v0.0.0-20151124214156-6c035326b43f/go.mod h1:jhUB0rZB2TPWqy0yGugKRRictO591eSO7If7O4MfCaA=
github.com/martini-contrib/staticbin v0.0.0-20140517153916-b9631fb8c188 h1:bd9DC6qyTmEthsNQO4d/ffPjO8qAdjnyS+ASuSYvc+c=
github.com/martini-contrib/staticbin v0.0.0-20140517153916-b9631fb8c188/go.mod h1:X45OGV5BBzLUtQO89hy0XhCUif/vO0ihMuyaBZBcivo=
gopkg.in/DATA-DOG/go-sqlmock.v1 v1.3.0 h1:FVCohIoYO7IJoDDVpV2pdq7SgrMH6wHnuTyrdrxJNoY=
gopkg.in/DATA-DOG/go-sqlmock.v1 v1.3.0/go.mod h1:OdE7CF6DbADk7lN8LIKRzRJTTZXIjtWgA5THM5lhBAw=
