# This file is autogenerated, do not edit; changes may be undone by the next 'dep ensure'.


[[projects]]
  name = "github.com/BurntSushi/toml"
  packages = ["."]
  revision = "b26d9c308763d68093482582cea63d69be07a0f0"
  version = "v0.3.0"

[[projects]]
  name = "github.com/codegangsta/inject"
  packages = ["."]
  revision = "37d7f8432a3e684eef9b2edece76bdfa6ac85b39"
  version = "v1.0-rc1"

[[projects]]
  name = "github.com/go-martini/martini"
  packages = ["."]
  revision = "49411a5b646861ad29a6ddd5351717a0a9c49b94"
  version = "v1.0"

[[projects]]
  name = "github.com/jbrukh/bayesian"
  packages = ["."]
  revision = "2177c82d4d5a30402758106ccc425c8be57c0181"
  version = "1.0"

[[projects]]
  branch = "master"
  name = "github.com/juztin/numeronym"
  packages = ["."]
  revision = "859fcc2918e23016b11f56b3dcecbd27b6a055aa"

[[projects]]
  branch = "master"
  name = "github.com/lucasb-eyer/go-colorful"
  packages = ["."]
  revision = "231272389856c976b7500c4fffcc52ddf06ff4eb"

[[projects]]
  branch = "master"
  name = "github.com/marcmak/calc"
  packages = ["calc"]
  revision = "5bbbfc3b3149741fda5147a18568a62f6cd3fec1"

[[projects]]
  branch = "master"
  name = "github.com/martini-contrib/gzip"
  packages = ["."]
  revision = "6c035326b43f79aa18793d2f1db512d21253ea61"

[[projects]]
  branch = "master"
  name = "github.com/martini-contrib/staticbin"
  packages = ["."]
  revision = "b9631fb8c188bec7aefed202f05fb3b76abadced"

[solve-meta]
  analyzer-name = "dep"
  analyzer-version = 1
  inputs-digest = "1070a5595e4fabf63a01733b9fd1d4716c7a177968ba67b941b4780f3211ab7a"
  solver-name = "gps-cdcl"
  solver-version = 1
